
Microsoft Visual Studio Solution File, Format Version 12.00
# Visual Studio Version 16
VisualStudioVersion = 16.0.29006.145
MinimumVisualStudioVersion = 10.0.40219.1
Project("{FAE04EC0-301F-11D3-BF4B-00C04F79EFBC}") = "slonexch.Android", "slonexch.Android\slonexch.Android.csproj", "{6511B6EE-81F4-435B-AAAF-DC05ED11A889}"
EndProject
Project("{FAE04EC0-301F-11D3-BF4B-00C04F79EFBC}") = "slonexch", "slonexch\slonexch.csproj", "{DB330207-9057-4F96-87B5-92984A0EB043}"
EndProject
Global
	GlobalSection(SolutionConfigurationPlatforms) = preSolution
		Debug|Any CPU = Debug|Any CPU
		Release|Any CPU = Release|Any CPU
	EndGlobalSection
	GlobalSection(ProjectConfigurationPlatforms) = postSolution
		{6511B6EE-81F4-435B-AAAF-DC05ED11A889}.Debug|Any CPU.ActiveCfg = Debug|Any CPU
		{6511B6EE-81F4-435B-AAAF-DC05ED11A889}.Debug|Any CPU.Build.0 = Debug|Any CPU
		{6511B6EE-81F4-435B-AAAF-DC05ED11A889}.Debug|Any CPU.Deploy.0 = Debug|Any CPU
		{6511B6EE-81F4-435B-AAAF-DC05ED11A889}.Release|Any CPU.ActiveCfg = Release|Any CPU
		{6511B6EE-81F4-435B-AAAF-DC05ED11A889}.Release|Any CPU.Build.0 = Release|Any CPU
		{6511B6EE-81F4-435B-AAAF-DC05ED11A889}.Release|Any CPU.Deploy.0 = Release|Any CPU
		{DB330207-9057-4F96-87B5-92984A0EB043}.Debug|Any CPU.ActiveCfg = Debug|Any CPU
		{DB330207-9057-4F96-87B5-92984A0EB043}.Debug|Any CPU.Build.0 = Debug|Any CPU
		{DB330207-9057-4F96-87B5-92984A0EB043}.Debug|Any CPU.Deploy.0 = Debug|Any CPU
		{DB330207-9057-4F96-87B5-92984A0EB043}.Release|Any CPU.ActiveCfg = Release|Any CPU
		{DB330207-9057-4F96-87B5-92984A0EB043}.Release|Any CPU.Build.0 = Release|Any CPU
		{DB330207-9057-4F96-87B5-92984A0EB043}.Release|Any CPU.Deploy.0 = Release|Any CPU
	EndGlobalSection
	GlobalSection(SolutionProperties) = preSolution
		HideSolutionNode = FALSE
	EndGlobalSection
	GlobalSection(ExtensibilityGlobals) = postSolution
		SolutionGuid = {EC660C44-0553-4B5F-995F-BAF5E9A55567}
	EndGlobalSection
EndGlobal
